
Microsoft Visual Studio Solution File, Format Version 12.00
# Visual Studio Version 16
VisualStudioVersion = 16.0.30611.23
MinimumVisualStudioVersion = 10.0.40219.1
Project("{FAE04EC0-301F-11D3-BF4B-00C04F79EFBC}") = "Шифрование и Дешифрование", "Шифрование и Дешифрование\Шифрование и Дешифрование.csproj", "{AF01FB44-7513-445B-8890-7B9D1EE61E16}"
EndProject
Project("{2150E333-8FDC-42A3-9474-1A3956D46DE8}") = "Solution Items", "Solution Items", "{FA038F59-B416-4BE2-8105-355950A7B41A}"
EndProject
Global
	GlobalSection(SolutionConfigurationPlatforms) = preSolution
		Debug|Any CPU = Debug|Any CPU
		Release|Any CPU = Release|Any CPU
	EndGlobalSection
	GlobalSection(ProjectConfigurationPlatforms) = postSolution
		{AF01FB44-7513-445B-8890-7B9D1EE61E16}.Debug|Any CPU.ActiveCfg = Debug|Any CPU
		{AF01FB44-7513-445B-8890-7B9D1EE61E16}.Debug|Any CPU.Build.0 = Debug|Any CPU
		{AF01FB44-7513-445B-8890-7B9D1EE61E16}.Release|Any CPU.ActiveCfg = Release|Any CPU
		{AF01FB44-7513-445B-8890-7B9D1EE61E16}.Release|Any CPU.Build.0 = Release|Any CPU
	EndGlobalSection
	GlobalSection(SolutionProperties) = preSolution
		HideSolutionNode = FALSE
	EndGlobalSection
	GlobalSection(ExtensibilityGlobals) = postSolution
		SolutionGuid = {709E652B-BF3B-4189-A2B2-F6FC8E8CF26A}
	EndGlobalSection
EndGlobal
